
Microsoft Visual Studio Solution File, Format Version 12.00
# Visual Studio Version 17
VisualStudioVersion = 17.14.36511.14
MinimumVisualStudioVersion = 10.0.40219.1
Project("{2150E333-8FDC-42A3-9474-1A3956D46DE8}") = "Task0", "Task0", "{02EA681E-C7D8-13C7-8484-4AC65E1B71E8}"
EndProject
Project("{FAE04EC0-301F-11D3-BF4B-00C04F79EFBC}") = "Tyuiu.BuzunovAI.Sprint0.Task0.V0", "Tyuiu.BuzunovAI.Sprint0.Task0.V0\Tyuiu.BuzunovAI.Sprint0.Task0.V0.csproj", "{C1533FF5-CDCB-45F0-87BF-F5A897CF1A4C}"
EndProject
Project("{2150E333-8FDC-42A3-9474-1A3956D46DE8}") = "Task1", "Task1", "{7DB37405-BB96-45CC-91C1-9623ACDB8777}"
EndProject
Project("{FAE04EC0-301F-11D3-BF4B-00C04F79EFBC}") = "Tyuiu.BuzunovAI.Sprint0.Task1.V0", "Tyuiu.BuzunovAI.Sprint0.Task1.V0\Tyuiu.BuzunovAI.Sprint0.Task1.V0.csproj", "{49CB2DB5-9F3F-4D03-8940-1F9C764B6813}"
EndProject
Project("{2150E333-8FDC-42A3-9474-1A3956D46DE8}") = "Task2", "Task2", "{9275AE23-3DD3-4F52-AF9B-5E248220278A}"
EndProject
Project("{FAE04EC0-301F-11D3-BF4B-00C04F79EFBC}") = "Tyuiu.BuzunovAI.Sprint0.Task2.V0", "Tyuiu.BuzunovAI.Sprint0.Task2.V0\Tyuiu.BuzunovAI.Sprint0.Task2.V0.csproj", "{15B16653-977D-4306-8CC2-BC357A601C46}"
EndProject
Project("{FAE04EC0-301F-11D3-BF4B-00C04F79EFBC}") = "Tyuiu.BuzunovAI.Sprint0.Task2.V0.Lib", "Tyuiu.BuzunovAI.Sprint0.Task2.V0.Lib\Tyuiu.BuzunovAI.Sprint0.Task2.V0.Lib.csproj", "{840D4FAB-B8D2-4AC1-A677-22E30550F543}"
EndProject
Project("{FAE04EC0-301F-11D3-BF4B-00C04F79EFBC}") = "Tyuiu.BuzunovAI.Sprint0.Task2.V0.Test", "Tyuiu.BuzunovAI.Sprint0.Task2.V0.Test2\Tyuiu.BuzunovAI.Sprint0.Task2.V0.Test.csproj", "{AB83F4BE-5984-40CB-AA55-0E0860910014}"
EndProject
Project("{2150E333-8FDC-42A3-9474-1A3956D46DE8}") = "Task3", "Task3", "{2475BE5D-64D3-4212-B0E3-A217D951D461}"
EndProject
Project("{FAE04EC0-301F-11D3-BF4B-00C04F79EFBC}") = "Tyuiu.BuzunovAI.Sprint0.Task3.V0", "Tyuiu.BuzunovAI.Sprint0.Task3.V0\Tyuiu.BuzunovAI.Sprint0.Task3.V0.csproj", "{A17EF85B-11E2-470A-973E-008EAB993B42}"
EndProject
Project("{FAE04EC0-301F-11D3-BF4B-00C04F79EFBC}") = "Tyuiu.BuzunovAI.Sprint0.Task3.V0.Lib", "Tyuiu.BuzunovAI.Sprint0.Task3.V0.Lib\Tyuiu.BuzunovAI.Sprint0.Task3.V0.Lib.csproj", "{DDB05A13-FFAC-4A97-A41A-5665DD49BC88}"
EndProject
Project("{FAE04EC0-301F-11D3-BF4B-00C04F79EFBC}") = "Tyuiu.BuzunovAI.Sprint0.Task3.V0.Test", "Tyuiu.BuzunovAI.Sprint0.Task3.V0.Test\Tyuiu.BuzunovAI.Sprint0.Task3.V0.Test.csproj", "{38FA920D-AD09-44D1-9951-FF5AB61AE1BB}"
EndProject
Project("{2150E333-8FDC-42A3-9474-1A3956D46DE8}") = "Task4", "Task4", "{1F36BF1D-D1CE-45E9-B8EF-32C844CB17F8}"
EndProject
Project("{FAE04EC0-301F-11D3-BF4B-00C04F79EFBC}") = "Tyuiu.BuzunovAI.Sprint0.Task4.V0", "Tyuiu.BuzunovAI.Sprint0.Task4.V0\Tyuiu.BuzunovAI.Sprint0.Task4.V0.csproj", "{D4EAC3DE-0CE4-492F-AA97-4D95A58E758E}"
EndProject
Project("{FAE04EC0-301F-11D3-BF4B-00C04F79EFBC}") = "Tyuiu.BuzunovAI.Sprint0.Task4.V0.Lib", "Tyuiu.BuzunovAI.Sprint0.Task4.V0.Lib\Tyuiu.BuzunovAI.Sprint0.Task4.V0.Lib.csproj", "{AF8CF4E9-4D92-411B-8F7F-530811DDD607}"
EndProject
Project("{FAE04EC0-301F-11D3-BF4B-00C04F79EFBC}") = "Tyuiu.BuzunovAI.Sprint0.Task4.V0.Test", "Tyuiu.BuzunovAI.Sprint0.Task4.V0.Test\Tyuiu.BuzunovAI.Sprint0.Task4.V0.Test.csproj", "{0B60ACD1-BF15-4EFC-888F-3E4A844AFF57}"
EndProject
Project("{2150E333-8FDC-42A3-9474-1A3956D46DE8}") = "Task5", "Task5", "{4DF87D4E-708A-4F31-BAB9-24F35EFE4B16}"
EndProject
Project("{FAE04EC0-301F-11D3-BF4B-00C04F79EFBC}") = "﻿Tyuiu.BuzunovAI.Sprint0.Task5.V0", "﻿Tyuiu.BuzunovAI.Sprint0.Task5.V0\﻿Tyuiu.BuzunovAI.Sprint0.Task5.V0.csproj", "{E0CA7CF2-2ECC-44C4-8DBA-418FDDCA9FE7}"
EndProject
Project("{FAE04EC0-301F-11D3-BF4B-00C04F79EFBC}") = "﻿Tyuiu.BuzunovAI.Sprint0.Task5.V0.Lib", "﻿Tyuiu.BuzunovAI.Sprint0.Task5.V0.Lib\﻿Tyuiu.BuzunovAI.Sprint0.Task5.V0.Lib.csproj", "{46A74595-C2AE-443B-AC13-B880B265E9A3}"
EndProject
Project("{FAE04EC0-301F-11D3-BF4B-00C04F79EFBC}") = "﻿Tyuiu.BuzunovAI.Sprint0.Task5.V0.Test", "﻿Tyuiu.BuzunovAI.Sprint0.Task5.V0.Test\﻿Tyuiu.BuzunovAI.Sprint0.Task5.V0.Test.csproj", "{D0DFED09-89AD-4817-A66D-0D703C822E27}"
EndProject
Global
	GlobalSection(SolutionConfigurationPlatforms) = preSolution
		Debug|Any CPU = Debug|Any CPU
		Release|Any CPU = Release|Any CPU
	EndGlobalSection
	GlobalSection(ProjectConfigurationPlatforms) = postSolution
		{C1533FF5-CDCB-45F0-87BF-F5A897CF1A4C}.Debug|Any CPU.ActiveCfg = Debug|Any CPU
		{C1533FF5-CDCB-45F0-87BF-F5A897CF1A4C}.Debug|Any CPU.Build.0 = Debug|Any CPU
		{C1533FF5-CDCB-45F0-87BF-F5A897CF1A4C}.Release|Any CPU.ActiveCfg = Release|Any CPU
		{C1533FF5-CDCB-45F0-87BF-F5A897CF1A4C}.Release|Any CPU.Build.0 = Release|Any CPU
		{49CB2DB5-9F3F-4D03-8940-1F9C764B6813}.Debug|Any CPU.ActiveCfg = Debug|Any CPU
		{49CB2DB5-9F3F-4D03-8940-1F9C764B6813}.Debug|Any CPU.Build.0 = Debug|Any CPU
		{49CB2DB5-9F3F-4D03-8940-1F9C764B6813}.Release|Any CPU.ActiveCfg = Release|Any CPU
		{49CB2DB5-9F3F-4D03-8940-1F9C764B6813}.Release|Any CPU.Build.0 = Release|Any CPU
		{15B16653-977D-4306-8CC2-BC357A601C46}.Debug|Any CPU.ActiveCfg = Debug|Any CPU
		{15B16653-977D-4306-8CC2-BC357A601C46}.Debug|Any CPU.Build.0 = Debug|Any CPU
		{15B16653-977D-4306-8CC2-BC357A601C46}.Release|Any CPU.ActiveCfg = Release|Any CPU
		{15B16653-977D-4306-8CC2-BC357A601C46}.Release|Any CPU.Build.0 = Release|Any CPU
		{840D4FAB-B8D2-4AC1-A677-22E30550F543}.Debug|Any CPU.ActiveCfg = Debug|Any CPU
		{840D4FAB-B8D2-4AC1-A677-22E30550F543}.Debug|Any CPU.Build.0 = Debug|Any CPU
		{840D4FAB-B8D2-4AC1-A677-22E30550F543}.Release|Any CPU.ActiveCfg = Release|Any CPU
		{840D4FAB-B8D2-4AC1-A677-22E30550F543}.Release|Any CPU.Build.0 = Release|Any CPU
		{AB83F4BE-5984-40CB-AA55-0E0860910014}.Debug|Any CPU.ActiveCfg = Debug|Any CPU
		{AB83F4BE-5984-40CB-AA55-0E0860910014}.Debug|Any CPU.Build.0 = Debug|Any CPU
		{AB83F4BE-5984-40CB-AA55-0E0860910014}.Release|Any CPU.ActiveCfg = Release|Any CPU
		{AB83F4BE-5984-40CB-AA55-0E0860910014}.Release|Any CPU.Build.0 = Release|Any CPU
		{A17EF85B-11E2-470A-973E-008EAB993B42}.Debug|Any CPU.ActiveCfg = Debug|Any CPU
		{A17EF85B-11E2-470A-973E-008EAB993B42}.Debug|Any CPU.Build.0 = Debug|Any CPU
		{A17EF85B-11E2-470A-973E-008EAB993B42}.Release|Any CPU.ActiveCfg = Release|Any CPU
		{A17EF85B-11E2-470A-973E-008EAB993B42}.Release|Any CPU.Build.0 = Release|Any CPU
		{DDB05A13-FFAC-4A97-A41A-5665DD49BC88}.Debug|Any CPU.ActiveCfg = Debug|Any CPU
		{DDB05A13-FFAC-4A97-A41A-5665DD49BC88}.Debug|Any CPU.Build.0 = Debug|Any CPU
		{DDB05A13-FFAC-4A97-A41A-5665DD49BC88}.Release|Any CPU.ActiveCfg = Release|Any CPU
		{DDB05A13-FFAC-4A97-A41A-5665DD49BC88}.Release|Any CPU.Build.0 = Release|Any CPU
		{38FA920D-AD09-44D1-9951-FF5AB61AE1BB}.Debug|Any CPU.ActiveCfg = Debug|Any CPU
		{38FA920D-AD09-44D1-9951-FF5AB61AE1BB}.Debug|Any CPU.Build.0 = Debug|Any CPU
		{38FA920D-AD09-44D1-9951-FF5AB61AE1BB}.Release|Any CPU.ActiveCfg = Release|Any CPU
		{38FA920D-AD09-44D1-9951-FF5AB61AE1BB}.Release|Any CPU.Build.0 = Release|Any CPU
		{D4EAC3DE-0CE4-492F-AA97-4D95A58E758E}.Debug|Any CPU.ActiveCfg = Debug|Any CPU
		{D4EAC3DE-0CE4-492F-AA97-4D95A58E758E}.Debug|Any CPU.Build.0 = Debug|Any CPU
		{D4EAC3DE-0CE4-492F-AA97-4D95A58E758E}.Release|Any CPU.ActiveCfg = Release|Any CPU
		{D4EAC3DE-0CE4-492F-AA97-4D95A58E758E}.Release|Any CPU.Build.0 = Release|Any CPU
		{AF8CF4E9-4D92-411B-8F7F-530811DDD607}.Debug|Any CPU.ActiveCfg = Debug|Any CPU
		{AF8CF4E9-4D92-411B-8F7F-530811DDD607}.Debug|Any CPU.Build.0 = Debug|Any CPU
		{AF8CF4E9-4D92-411B-8F7F-530811DDD607}.Release|Any CPU.ActiveCfg = Release|Any CPU
		{AF8CF4E9-4D92-411B-8F7F-530811DDD607}.Release|Any CPU.Build.0 = Release|Any CPU
		{0B60ACD1-BF15-4EFC-888F-3E4A844AFF57}.Debug|Any CPU.ActiveCfg = Debug|Any CPU
		{0B60ACD1-BF15-4EFC-888F-3E4A844AFF57}.Debug|Any CPU.Build.0 = Debug|Any CPU
		{0B60ACD1-BF15-4EFC-888F-3E4A844AFF57}.Release|Any CPU.ActiveCfg = Release|Any CPU
		{0B60ACD1-BF15-4EFC-888F-3E4A844AFF57}.Release|Any CPU.Build.0 = Release|Any CPU
		{E0CA7CF2-2ECC-44C4-8DBA-418FDDCA9FE7}.Debug|Any CPU.ActiveCfg = Debug|Any CPU
		{E0CA7CF2-2ECC-44C4-8DBA-418FDDCA9FE7}.Debug|Any CPU.Build.0 = Debug|Any CPU
		{E0CA7CF2-2ECC-44C4-8DBA-418FDDCA9FE7}.Release|Any CPU.ActiveCfg = Release|Any CPU
		{E0CA7CF2-2ECC-44C4-8DBA-418FDDCA9FE7}.Release|Any CPU.Build.0 = Release|Any CPU
		{46A74595-C2AE-443B-AC13-B880B265E9A3}.Debug|Any CPU.ActiveCfg = Debug|Any CPU
		{46A74595-C2AE-443B-AC13-B880B265E9A3}.Debug|Any CPU.Build.0 = Debug|Any CPU
		{46A74595-C2AE-443B-AC13-B880B265E9A3}.Release|Any CPU.ActiveCfg = Release|Any CPU
		{46A74595-C2AE-443B-AC13-B880B265E9A3}.Release|Any CPU.Build.0 = Release|Any CPU
		{D0DFED09-89AD-4817-A66D-0D703C822E27}.Debug|Any CPU.ActiveCfg = Debug|Any CPU
		{D0DFED09-89AD-4817-A66D-0D703C822E27}.Debug|Any CPU.Build.0 = Debug|Any CPU
		{D0DFED09-89AD-4817-A66D-0D703C822E27}.Release|Any CPU.ActiveCfg = Release|Any CPU
		{D0DFED09-89AD-4817-A66D-0D703C822E27}.Release|Any CPU.Build.0 = Release|Any CPU
	EndGlobalSection
	GlobalSection(SolutionProperties) = preSolution
		HideSolutionNode = FALSE
	EndGlobalSection
	GlobalSection(NestedProjects) = preSolution
		{C1533FF5-CDCB-45F0-87BF-F5A897CF1A4C} = {02EA681E-C7D8-13C7-8484-4AC65E1B71E8}
		{49CB2DB5-9F3F-4D03-8940-1F9C764B6813} = {7DB37405-BB96-45CC-91C1-9623ACDB8777}
		{15B16653-977D-4306-8CC2-BC357A601C46} = {9275AE23-3DD3-4F52-AF9B-5E248220278A}
		{840D4FAB-B8D2-4AC1-A677-22E30550F543} = {9275AE23-3DD3-4F52-AF9B-5E248220278A}
		{AB83F4BE-5984-40CB-AA55-0E0860910014} = {9275AE23-3DD3-4F52-AF9B-5E248220278A}
		{A17EF85B-11E2-470A-973E-008EAB993B42} = {2475BE5D-64D3-4212-B0E3-A217D951D461}
		{DDB05A13-FFAC-4A97-A41A-5665DD49BC88} = {2475BE5D-64D3-4212-B0E3-A217D951D461}
		{38FA920D-AD09-44D1-9951-FF5AB61AE1BB} = {2475BE5D-64D3-4212-B0E3-A217D951D461}
		{D4EAC3DE-0CE4-492F-AA97-4D95A58E758E} = {1F36BF1D-D1CE-45E9-B8EF-32C844CB17F8}
		{AF8CF4E9-4D92-411B-8F7F-530811DDD607} = {1F36BF1D-D1CE-45E9-B8EF-32C844CB17F8}
		{0B60ACD1-BF15-4EFC-888F-3E4A844AFF57} = {1F36BF1D-D1CE-45E9-B8EF-32C844CB17F8}
		{E0CA7CF2-2ECC-44C4-8DBA-418FDDCA9FE7} = {4DF87D4E-708A-4F31-BAB9-24F35EFE4B16}
		{46A74595-C2AE-443B-AC13-B880B265E9A3} = {4DF87D4E-708A-4F31-BAB9-24F35EFE4B16}
		{D0DFED09-89AD-4817-A66D-0D703C822E27} = {4DF87D4E-708A-4F31-BAB9-24F35EFE4B16}
	EndGlobalSection
	GlobalSection(ExtensibilityGlobals) = postSolution
		SolutionGuid = {BDC93196-DA0B-4ADE-8058-3AE42EAE8862}
	EndGlobalSection
EndGlobal
